github.com/kirillbobyrev/minimis v0.0.0-20230508070544-6a5a35e90552 h1:jpMrqv3D4xTc3S4J9V2iO8e8lpktSp8ntJoazcKVJgs=
github.com/kirillbobyrev/minimis v0.0.0-20230508070544-6a5a35e90552/go.mod h1:c8AT7Osdm0eUJm9QfscCgl44tAlC7BaCjxU3jIasKLg=
github.com/kirillbobyrev/minimis v0.0.0-20230509185849-f789a39f0261 h1:2EC3+KSRVAv7Y6oXpu0c/0c+0+ikdGfNMAampOn5bHs=
github.com/kirillbobyrev/minimis v0.0.0-20230509185849-f789a39f0261/go.mod h1:c8AT7Osdm0eUJm9QfscCgl44tAlC7BaCjxU3jIasKLg=
