github.com/kirillbobyrev/minimis v0.0.0-20230516013323-392526bc6bbf h1:FLBULzTnPWTNfH6xRm7GVxkexR7lJlHiIWZX3szDJlo=
github.com/kirillbobyrev/minimis v0.0.0-20230516013323-392526bc6bbf/go.mod h1:c8AT7Osdm0eUJm9QfscCgl44tAlC7BaCjxU3jIasKLg=
github.com/kirillbobyrev/minimis v0.0.0-20230516181322-7c9920c37b23 h1:66CdnI4cJV74FB3Bj5VpMJv4k6r6eJXBciUCSY6x4+o=
github.com/kirillbobyrev/minimis v0.0.0-20230516181322-7c9920c37b23/go.mod h1:c8AT7Osdm0eUJm9QfscCgl44tAlC7BaCjxU3jIasKLg=
github.com/kirillbobyrev/minimis v0.0.0-20230520051930-43951f56b797 h1:0hVbWVWXcBrDpyzFRVZkWknitGv3ERPYXciibcQEaP0=
github.com/kirillbobyrev/minimis v0.0.0-20230520051930-43951f56b797/go.mod h1:c8AT7Osdm0eUJm9QfscCgl44tAlC7BaCjxU3jIasKLg=
github.com/kirillbobyrev/minimis v0.0.0-20230605225753-8e3822f78945 h1:PKpLpGX+RurwtK/moyH44Y8ANoscEaqdTyfFdF51u9s=
github.com/kirillbobyrev/minimis v0.0.0-20230605225753-8e3822f78945/go.mod h1:c8AT7Osdm0eUJm9QfscCgl44tAlC7BaCjxU3jIasKLg=
github.com/kirillbobyrev/minimis v0.0.0-20230615060958-d01503a31440 h1:4y13owP6n9RhtQm3kgQo4BRV8qcOo57OIKu7F5Lxj3E=
github.com/kirillbobyrev/minimis v0.0.0-20230615060958-d01503a31440/go.mod h1:c8AT7Osdm0eUJm9QfscCgl44tAlC7BaCjxU3jIasKLg=
github.com/kirillbobyrev/minimis v0.0.0-20231031194833-9de1602b53c7 h1:tLD/nvtp1omHhXhzCP/qAu6UZUx92b60Un+xYmLQ/qQ=
github.com/kirillbobyrev/minimis v0.0.0-20231031194833-9de1602b53c7/go.mod h1:c8AT7Osdm0eUJm9QfscCgl44tAlC7BaCjxU3jIasKLg=
github.com/kirillbobyrev/minimis v0.0.0-20231128231717-110a87adae07 h1:MtUXMx2pMTKZG3gwNlaR1Wd598pE5xWLQS5kFthcu2k=
github.com/kirillbobyrev/minimis v0.0.0-20231128231717-110a87adae07/go.mod h1:c8AT7Osdm0eUJm9QfscCgl44tAlC7BaCjxU3jIasKLg=
github.com/kirillbobyrev/minimis v0.0.0-20231129014036-318b83e4675a h1:DBxoZfReWBy6sKA6DCAV6jctOH6OBhc3KYhMIfCmYaY=
github.com/kirillbobyrev/minimis v0.0.0-20231129014036-318b83e4675a/go.mod h1:c8AT7Osdm0eUJm9QfscCgl44tAlC7BaCjxU3jIasKLg=
github.com/kirillbobyrev/minimis v0.0.0-20231129032407-f367986bd62a h1:n0oUOuKnCnp8gUr7DRuy5/j3byfzD0dJ+A/NDK5KXBo=
github.com/kirillbobyrev/minimis v0.0.0-20231129032407-f367986bd62a/go.mod h1:c8AT7Osdm0eUJm9QfscCgl44tAlC7BaCjxU3jIasKLg=
github.com/kirillbobyrev/minimis v0.0.0-20231205033204-c6534a44eff2 h1:D1n8Ij98mAGGP2ZlTM+4yTzgGufSBViq4dXgNWlT05g=
github.com/kirillbobyrev/minimis v0.0.0-20231205033204-c6534a44eff2/go.mod h1:c8AT7Osdm0eUJm9QfscCgl44tAlC7BaCjxU3jIasKLg=
