{
  "name": "kirillbobyrev.com",
  "lockfileVersion": 3,
  "requires": true,
  "packages": {
    "": {
      "dependencies": {
        "@playwright/test": "^1.54.1",
        "playwright": "^1.54.1"
      },
      "devDependencies": {
        "prettier": "^3.5.3",
        "prettier-plugin-go-template": "^0.0.15"
      }
    },
    "node_modules/@playwright/test": {
      "version": "1.54.1",
      "resolved": "https://registry.npmjs.org/@playwright/test/-/test-1.54.1.tgz",
      "integrity": "sha512-FS8hQ12acieG2dYSksmLOF7BNxnVf2afRJdCuM1eMSxj6QTSE6G4InGF7oApGgDb65MX7AwMVlIkpru0yZA4Xw==",
      "license": "Apache-2.0",
      "dependencies": {
        "playwright": "1.54.1"
      },
      "bin": {
        "playwright": "cli.js"
      },
      "engines": {
        "node": ">=18"
      }
    },
    "node_modules/fsevents": {
      "version": "2.3.2",
      "resolved": "https://registry.npmjs.org/fsevents/-/fsevents-2.3.2.tgz",
      "integrity": "sha512-xiqMQR4xAeHTuB9uWm+fFRcIOgKBMiOBP+eXiyT7jsgVCq1bkVygt00oASowB7EdtpOHaaPgKt812P9ab+DDKA==",
      "hasInstallScript": true,
      "license": "MIT",
      "optional": true,
      "os": [
        "darwin"
      ],
      "engines": {
        "node": "^8.16.0 || ^10.6.0 || >=11.0.0"
      }
    },
    "node_modules/playwright": {
      "version": "1.54.1",
      "resolved": "https://registry.npmjs.org/playwright/-/playwright-1.54.1.tgz",
      "integrity": "sha512-peWpSwIBmSLi6aW2auvrUtf2DqY16YYcCMO8rTVx486jKmDTJg7UAhyrraP98GB8BoPURZP8+nxO7TSd4cPr5g==",
      "license": "Apache-2.0",
      "dependencies": {
        "playwright-core": "1.54.1"
      },
      "bin": {
        "playwright": "cli.js"
      },
      "engines": {
        "node": ">=18"
      },
      "optionalDependencies": {
        "fsevents": "2.3.2"
      }
    },
    "node_modules/playwright-core": {
      "version": "1.54.1",
      "resolved": "https://registry.npmjs.org/playwright-core/-/playwright-core-1.54.1.tgz",
      "integrity": "sha512-Nbjs2zjj0htNhzgiy5wu+3w09YetDx5pkrpI/kZotDlDUaYk0HVA5xrBVPdow4SAUIlhgKcJeJg4GRKW6xHusA==",
      "license": "Apache-2.0",
      "bin": {
        "playwright-core": "cli.js"
      },
      "engines": {
        "node": ">=18"
      }
    },
    "node_modules/prettier": {
      "version": "3.6.2",
      "resolved": "https://registry.npmjs.org/prettier/-/prettier-3.6.2.tgz",
      "integrity": "sha512-I7AIg5boAr5R0FFtJ6rCfD+LFsWHp81dolrFD8S79U9tb8Az2nGrJncnMSnys+bpQJfRUzqs9hnA81OAA3hCuQ==",
      "dev": true,
      "license": "MIT",
      "bin": {
        "prettier": "bin/prettier.cjs"
      },
      "engines": {
        "node": ">=14"
      },
      "funding": {
        "url": "https://github.com/prettier/prettier?sponsor=1"
      }
    },
    "node_modules/prettier-plugin-go-template": {
      "version": "0.0.15",
      "resolved": "https://registry.npmjs.org/prettier-plugin-go-template/-/prettier-plugin-go-template-0.0.15.tgz",
      "integrity": "sha512-WqU92E1NokWYNZ9mLE6ijoRg6LtIGdLMePt2C7UBDjXeDH9okcRI3zRqtnWR4s5AloiqyvZ66jNBAa9tmRY5EQ==",
      "dev": true,
      "license": "MIT",
      "dependencies": {
        "ulid": "^2.3.0"
      },
      "engines": {
        "node": ">=14.0.0"
      },
      "peerDependencies": {
        "prettier": "^3.0.0"
      }
    },
    "node_modules/ulid": {
      "version": "2.4.0",
      "resolved": "https://registry.npmjs.org/ulid/-/ulid-2.4.0.tgz",
      "integrity": "sha512-fIRiVTJNcSRmXKPZtGzFQv9WRrZ3M9eoptl/teFJvjOzmpU+/K/JH6HZ8deBfb5vMEpicJcLn7JmvdknlMq7Zg==",
      "dev": true,
      "license": "MIT",
      "bin": {
        "ulid": "bin/cli.js"
      }
    }
  }
}
