{
  "name": "kirillbobyrev.com",
  "lockfileVersion": 3,
  "requires": true,
  "packages": {
    "": {
      "name": "kirillbobyrev.com",
      "devDependencies": {
        "@playwright/mcp": "^0.0.62",
        "prettier": "^3.4.2",
        "prettier-plugin-go-template": "^0.0.15"
      }
    },
    "node_modules/@playwright/mcp": {
      "version": "0.0.62",
      "resolved": "https://registry.npmjs.org/@playwright/mcp/-/mcp-0.0.62.tgz",
      "integrity": "sha512-JX1zsrwNBnjoMFXxFPpspt7tqzDODDUe0IM4d5/tNVC/TPnZwNRfxmFaHK5HxCmlLAG7ptaYSg4rjagpLCXYGw==",
      "dev": true,
      "license": "Apache-2.0",
      "dependencies": {
        "playwright": "1.59.0-alpha-1769819922000",
        "playwright-core": "1.59.0-alpha-1769819922000"
      },
      "bin": {
        "playwright-mcp": "cli.js"
      },
      "engines": {
        "node": ">=18"
      }
    },
    "node_modules/fsevents": {
      "version": "2.3.2",
      "resolved": "https://registry.npmjs.org/fsevents/-/fsevents-2.3.2.tgz",
      "integrity": "sha512-xiqMQR4xAeHTuB9uWm+fFRcIOgKBMiOBP+eXiyT7jsgVCq1bkVygt00oASowB7EdtpOHaaPgKt812P9ab+DDKA==",
      "dev": true,
      "hasInstallScript": true,
      "license": "MIT",
      "optional": true,
      "os": [
        "darwin"
      ],
      "engines": {
        "node": "^8.16.0 || ^10.6.0 || >=11.0.0"
      }
    },
    "node_modules/playwright": {
      "version": "1.59.0-alpha-1769819922000",
      "resolved": "https://registry.npmjs.org/playwright/-/playwright-1.59.0-alpha-1769819922000.tgz",
      "integrity": "sha512-SVy14jHP15zyxPHfQSnpA628sRG/dX5SSR9VymG6aI9tRUlBhInQgmeW0YcX65aaMrmhIdo50BUYtDn+kcjYEQ==",
      "dev": true,
      "license": "Apache-2.0",
      "dependencies": {
        "playwright-core": "1.59.0-alpha-1769819922000"
      },
      "bin": {
        "playwright": "cli.js"
      },
      "engines": {
        "node": ">=18"
      },
      "optionalDependencies": {
        "fsevents": "2.3.2"
      }
    },
    "node_modules/playwright-core": {
      "version": "1.59.0-alpha-1769819922000",
      "resolved": "https://registry.npmjs.org/playwright-core/-/playwright-core-1.59.0-alpha-1769819922000.tgz",
      "integrity": "sha512-mHxFU9XPUiC1HWkZWuTG1tbZxjSWkjHhsHFyrxRs3KDTBsSrsRwaa/lw6awSzubLqDI7OsuqXptnO/AB7ozhoQ==",
      "dev": true,
      "license": "Apache-2.0",
      "bin": {
        "playwright-core": "cli.js"
      },
      "engines": {
        "node": ">=18"
      }
    },
    "node_modules/prettier": {
      "version": "3.8.1",
      "resolved": "https://registry.npmjs.org/prettier/-/prettier-3.8.1.tgz",
      "integrity": "sha512-UOnG6LftzbdaHZcKoPFtOcCKztrQ57WkHDeRD9t/PTQtmT0NHSeWWepj6pS0z/N7+08BHFDQVUrfmfMRcZwbMg==",
      "dev": true,
      "license": "MIT",
      "bin": {
        "prettier": "bin/prettier.cjs"
      },
      "engines": {
        "node": ">=14"
      },
      "funding": {
        "url": "https://github.com/prettier/prettier?sponsor=1"
      }
    },
    "node_modules/prettier-plugin-go-template": {
      "version": "0.0.15",
      "resolved": "https://registry.npmjs.org/prettier-plugin-go-template/-/prettier-plugin-go-template-0.0.15.tgz",
      "integrity": "sha512-WqU92E1NokWYNZ9mLE6ijoRg6LtIGdLMePt2C7UBDjXeDH9okcRI3zRqtnWR4s5AloiqyvZ66jNBAa9tmRY5EQ==",
      "dev": true,
      "license": "MIT",
      "dependencies": {
        "ulid": "^2.3.0"
      },
      "engines": {
        "node": ">=14.0.0"
      },
      "peerDependencies": {
        "prettier": "^3.0.0"
      }
    },
    "node_modules/ulid": {
      "version": "2.4.0",
      "resolved": "https://registry.npmjs.org/ulid/-/ulid-2.4.0.tgz",
      "integrity": "sha512-fIRiVTJNcSRmXKPZtGzFQv9WRrZ3M9eoptl/teFJvjOzmpU+/K/JH6HZ8deBfb5vMEpicJcLn7JmvdknlMq7Zg==",
      "dev": true,
      "license": "MIT",
      "bin": {
        "ulid": "bin/cli.js"
      }
    }
  }
}
